{
	"name": "@gram-data/gram-value",
	"version": "0.4.0-alpha.1",
	"lockfileVersion": 1,
	"requires": true,
	"dependencies": {
		"@nodelib/fs.scandir": {
			"version": "2.1.3",
			"resolved": "https://registry.npmjs.org/@nodelib/fs.scandir/-/fs.scandir-2.1.3.tgz",
			"integrity": "sha512-eGmwYQn3gxo4r7jdQnkrrN6bY478C3P+a/y72IJukF8LjB6ZHeB3c+Ehacj3sYeSmUXGlnA67/PmbM9CVwL7Dw==",
			"dev": true,
			"requires": {
				"@nodelib/fs.stat": "2.0.3",
				"run-parallel": "^1.1.9"
			}
		},
		"@nodelib/fs.stat": {
			"version": "2.0.3",
			"resolved": "https://registry.npmjs.org/@nodelib/fs.stat/-/fs.stat-2.0.3.tgz",
			"integrity": "sha512-bQBFruR2TAwoevBEd/NWMoAAtNGzTRgdrqnYCc7dhzfoNvqPzLyqlEQnzZ3kVnNrSp25iyxE00/3h2fqGAGArA==",
			"dev": true
		},
		"@nodelib/fs.walk": {
			"version": "1.2.4",
			"resolved": "https://registry.npmjs.org/@nodelib/fs.walk/-/fs.walk-1.2.4.tgz",
			"integrity": "sha512-1V9XOY4rDW0rehzbrcqAmHnz8e7SKvX27gh8Gt2WgB0+pdzdiLV83p72kZPU+jvMbS1qU5mauP2iOvO8rhmurQ==",
			"dev": true,
			"requires": {
				"@nodelib/fs.scandir": "2.1.3",
				"fastq": "^1.6.0"
			}
		},
		"@typescript-eslint/parser": {
			"version": "4.10.0",
			"resolved": "https://registry.npmjs.org/@typescript-eslint/parser/-/parser-4.10.0.tgz",
			"integrity": "sha512-amBvUUGBMadzCW6c/qaZmfr3t9PyevcSWw7hY2FuevdZVp5QPw/K76VSQ5Sw3BxlgYCHZcK6DjIhSZK0PQNsQg==",
			"dev": true,
			"requires": {
				"@typescript-eslint/scope-manager": "4.10.0",
				"@typescript-eslint/types": "4.10.0",
				"@typescript-eslint/typescript-estree": "4.10.0",
				"debug": "^4.1.1"
			}
		},
		"@typescript-eslint/scope-manager": {
			"version": "4.10.0",
			"resolved": "https://registry.npmjs.org/@typescript-eslint/scope-manager/-/scope-manager-4.10.0.tgz",
			"integrity": "sha512-WAPVw35P+fcnOa8DEic0tQUhoJJsgt+g6DEcz257G7vHFMwmag58EfowdVbiNcdfcV27EFR0tUBVXkDoIvfisQ==",
			"dev": true,
			"requires": {
				"@typescript-eslint/types": "4.10.0",
				"@typescript-eslint/visitor-keys": "4.10.0"
			}
		},
		"@typescript-eslint/types": {
			"version": "4.10.0",
			"resolved": "https://registry.npmjs.org/@typescript-eslint/types/-/types-4.10.0.tgz",
			"integrity": "sha512-+dt5w1+Lqyd7wIPMa4XhJxUuE8+YF+vxQ6zxHyhLGHJjHiunPf0wSV8LtQwkpmAsRi1lEOoOIR30FG5S2HS33g==",
			"dev": true
		},
		"@typescript-eslint/typescript-estree": {
			"version": "4.10.0",
			"resolved": "https://registry.npmjs.org/@typescript-eslint/typescript-estree/-/typescript-estree-4.10.0.tgz",
			"integrity": "sha512-mGK0YRp9TOk6ZqZ98F++bW6X5kMTzCRROJkGXH62d2azhghmq+1LNLylkGe6uGUOQzD452NOAEth5VAF6PDo5g==",
			"dev": true,
			"requires": {
				"@typescript-eslint/types": "4.10.0",
				"@typescript-eslint/visitor-keys": "4.10.0",
				"debug": "^4.1.1",
				"globby": "^11.0.1",
				"is-glob": "^4.0.1",
				"lodash": "^4.17.15",
				"semver": "^7.3.2",
				"tsutils": "^3.17.1"
			}
		},
		"@typescript-eslint/visitor-keys": {
			"version": "4.10.0",
			"resolved": "https://registry.npmjs.org/@typescript-eslint/visitor-keys/-/visitor-keys-4.10.0.tgz",
			"integrity": "sha512-hPyz5qmDMuZWFtHZkjcCpkAKHX8vdu1G3YsCLEd25ryZgnJfj6FQuJ5/O7R+dB1ueszilJmAFMtlU4CA6se3Jg==",
			"dev": true,
			"requires": {
				"@typescript-eslint/types": "4.10.0",
				"eslint-visitor-keys": "^2.0.0"
			}
		},
		"array-union": {
			"version": "2.1.0",
			"resolved": "https://registry.npmjs.org/array-union/-/array-union-2.1.0.tgz",
			"integrity": "sha512-HGyxoOTYUyCM6stUe6EJgnd4EoewAI7zMdfqO+kGjnlZmBDz/cR5pf8r/cR4Wq60sL/p0IkcjUEEPwS3GFrIyw==",
			"dev": true
		},
		"braces": {
			"version": "3.0.2",
			"resolved": "https://registry.npmjs.org/braces/-/braces-3.0.2.tgz",
			"integrity": "sha512-b8um+L1RzM3WDSzvhm6gIz1yfTbBt6YTlcEKAvsmqCZZFw46z626lVj9j1yEPW33H5H+lBQpZMP1k8l+78Ha0A==",
			"dev": true,
			"requires": {
				"fill-range": "^7.0.1"
			}
		},
		"debug": {
			"version": "4.1.1",
			"resolved": "https://registry.npmjs.org/debug/-/debug-4.1.1.tgz",
			"integrity": "sha512-pYAIzeRo8J6KPEaJ0VWOh5Pzkbw/RetuzehGM7QRRX5he4fPHx2rdKMB256ehJCkX+XRQm16eZLqLNS8RSZXZw==",
			"dev": true,
			"requires": {
				"ms": "^2.1.1"
			}
		},
		"dir-glob": {
			"version": "3.0.1",
			"resolved": "https://registry.npmjs.org/dir-glob/-/dir-glob-3.0.1.tgz",
			"integrity": "sha512-WkrWp9GR4KXfKGYzOLmTuGVi1UWFfws377n9cc55/tb6DuqyF6pcQ5AbiHEshaDpY9v6oaSr2XCDidGmMwdzIA==",
			"dev": true,
			"requires": {
				"path-type": "^4.0.0"
			}
		},
		"eslint-visitor-keys": {
			"version": "2.0.0",
			"resolved": "https://registry.npmjs.org/eslint-visitor-keys/-/eslint-visitor-keys-2.0.0.tgz",
			"integrity": "sha512-QudtT6av5WXels9WjIM7qz1XD1cWGvX4gGXvp/zBn9nXG02D0utdU3Em2m/QjTnrsk6bBjmCygl3rmj118msQQ==",
			"dev": true
		},
		"fast-glob": {
			"version": "3.2.4",
			"resolved": "https://registry.npmjs.org/fast-glob/-/fast-glob-3.2.4.tgz",
			"integrity": "sha512-kr/Oo6PX51265qeuCYsyGypiO5uJFgBS0jksyG7FUeCyQzNwYnzrNIMR1NXfkZXsMYXYLRAHgISHBz8gQcxKHQ==",
			"dev": true,
			"requires": {
				"@nodelib/fs.stat": "^2.0.2",
				"@nodelib/fs.walk": "^1.2.3",
				"glob-parent": "^5.1.0",
				"merge2": "^1.3.0",
				"micromatch": "^4.0.2",
				"picomatch": "^2.2.1"
			}
		},
		"fastq": {
			"version": "1.9.0",
			"resolved": "https://registry.npmjs.org/fastq/-/fastq-1.9.0.tgz",
			"integrity": "sha512-i7FVWL8HhVY+CTkwFxkN2mk3h+787ixS5S63eb78diVRc1MCssarHq3W5cj0av7YDSwmaV928RNag+U1etRQ7w==",
			"dev": true,
			"requires": {
				"reusify": "^1.0.4"
			}
		},
		"fill-range": {
			"version": "7.0.1",
			"resolved": "https://registry.npmjs.org/fill-range/-/fill-range-7.0.1.tgz",
			"integrity": "sha512-qOo9F+dMUmC2Lcb4BbVvnKJxTPjCm+RRpe4gDuGrzkL7mEVl/djYSu2OdQ2Pa302N4oqkSg9ir6jaLWJ2USVpQ==",
			"dev": true,
			"requires": {
				"to-regex-range": "^5.0.1"
			}
		},
		"glob-parent": {
			"version": "5.1.1",
			"resolved": "https://registry.npmjs.org/glob-parent/-/glob-parent-5.1.1.tgz",
			"integrity": "sha512-FnI+VGOpnlGHWZxthPGR+QhR78fuiK0sNLkHQv+bL9fQi57lNNdquIbna/WrfROrolq8GK5Ek6BiMwqL/voRYQ==",
			"dev": true,
			"requires": {
				"is-glob": "^4.0.1"
			}
		},
		"globby": {
			"version": "11.0.1",
			"resolved": "https://registry.npmjs.org/globby/-/globby-11.0.1.tgz",
			"integrity": "sha512-iH9RmgwCmUJHi2z5o2l3eTtGBtXek1OYlHrbcxOYugyHLmAsZrPj43OtHThd62Buh/Vv6VyCBD2bdyWcGNQqoQ==",
			"dev": true,
			"requires": {
				"array-union": "^2.1.0",
				"dir-glob": "^3.0.1",
				"fast-glob": "^3.1.1",
				"ignore": "^5.1.4",
				"merge2": "^1.3.0",
				"slash": "^3.0.0"
			}
		},
		"ignore": {
			"version": "5.1.8",
			"resolved": "https://registry.npmjs.org/ignore/-/ignore-5.1.8.tgz",
			"integrity": "sha512-BMpfD7PpiETpBl/A6S498BaIJ6Y/ABT93ETbby2fP00v4EbvPBXWEoaR1UBPKs3iR53pJY7EtZk5KACI57i1Uw==",
			"dev": true
		},
		"is-extglob": {
			"version": "2.1.1",
			"resolved": "https://registry.npmjs.org/is-extglob/-/is-extglob-2.1.1.tgz",
			"integrity": "sha1-qIwCU1eR8C7TfHahueqXc8gz+MI=",
			"dev": true
		},
		"is-glob": {
			"version": "4.0.1",
			"resolved": "https://registry.npmjs.org/is-glob/-/is-glob-4.0.1.tgz",
			"integrity": "sha512-5G0tKtBTFImOqDnLB2hG6Bp2qcKEFduo4tZu9MT/H6NQv/ghhy30o55ufafxJ/LdH79LLs2Kfrn85TLKyA7BUg==",
			"dev": true,
			"requires": {
				"is-extglob": "^2.1.1"
			}
		},
		"is-number": {
			"version": "7.0.0",
			"resolved": "https://registry.npmjs.org/is-number/-/is-number-7.0.0.tgz",
			"integrity": "sha512-41Cifkg6e8TylSpdtTpeLVMqvSBEVzTttHvERD741+pnZ8ANv0004MRL43QKPDlK9cGvNp6NZWZUBlbGXYxxng==",
			"dev": true
		},
		"lodash": {
			"version": "4.17.20",
			"resolved": "https://registry.npmjs.org/lodash/-/lodash-4.17.20.tgz",
			"integrity": "sha512-PlhdFcillOINfeV7Ni6oF1TAEayyZBoZ8bcshTHqOYJYlrqzRK5hagpagky5o4HfCzzd1TRkXPMFq6cKk9rGmA==",
			"dev": true
		},
		"merge2": {
			"version": "1.4.1",
			"resolved": "https://registry.npmjs.org/merge2/-/merge2-1.4.1.tgz",
			"integrity": "sha512-8q7VEgMJW4J8tcfVPy8g09NcQwZdbwFEqhe/WZkoIzjn/3TGDwtOCYtXGxA3O8tPzpczCCDgv+P2P5y00ZJOOg==",
			"dev": true
		},
		"micromatch": {
			"version": "4.0.2",
			"resolved": "https://registry.npmjs.org/micromatch/-/micromatch-4.0.2.tgz",
			"integrity": "sha512-y7FpHSbMUMoyPbYUSzO6PaZ6FyRnQOpHuKwbo1G+Knck95XVU4QAiKdGEnj5wwoS7PlOgthX/09u5iFJ+aYf5Q==",
			"dev": true,
			"requires": {
				"braces": "^3.0.1",
				"picomatch": "^2.0.5"
			}
		},
		"ms": {
			"version": "2.1.2",
			"resolved": "https://registry.npmjs.org/ms/-/ms-2.1.2.tgz",
			"integrity": "sha512-sGkPx+VjMtmA6MX27oA4FBFELFCZZ4S4XqeGOXCv68tT+jb3vk/RyaKWP0PTKyWtmLSM0b+adUTEvbs1PEaH2w==",
			"dev": true
		},
		"path-type": {
			"version": "4.0.0",
			"resolved": "https://registry.npmjs.org/path-type/-/path-type-4.0.0.tgz",
			"integrity": "sha512-gDKb8aZMDeD/tZWs9P6+q0J9Mwkdl6xMV8TjnGP3qJVJ06bdMgkbBlLU8IdfOsIsFz2BW1rNVT3XuNEl8zPAvw==",
			"dev": true
		},
		"picomatch": {
			"version": "2.2.2",
			"resolved": "https://registry.npmjs.org/picomatch/-/picomatch-2.2.2.tgz",
			"integrity": "sha512-q0M/9eZHzmr0AulXyPwNfZjtwZ/RBZlbN3K3CErVrk50T2ASYI7Bye0EvekFY3IP1Nt2DHu0re+V2ZHIpMkuWg==",
			"dev": true
		},
		"reusify": {
			"version": "1.0.4",
			"resolved": "https://registry.npmjs.org/reusify/-/reusify-1.0.4.tgz",
			"integrity": "sha512-U9nH88a3fc/ekCF1l0/UP1IosiuIjyTh7hBvXVMHYgVcfGvt897Xguj2UOLDeI5BG2m7/uwyaLVT6fbtCwTyzw==",
			"dev": true
		},
		"run-parallel": {
			"version": "1.1.10",
			"resolved": "https://registry.npmjs.org/run-parallel/-/run-parallel-1.1.10.tgz",
			"integrity": "sha512-zb/1OuZ6flOlH6tQyMPUrE3x3Ulxjlo9WIVXR4yVYi4H9UXQaeIsPbLn2R3O3vQCnDKkAl2qHiuocKKX4Tz/Sw==",
			"dev": true
		},
		"semver": {
			"version": "7.3.2",
			"resolved": "https://registry.npmjs.org/semver/-/semver-7.3.2.tgz",
			"integrity": "sha512-OrOb32TeeambH6UrhtShmF7CRDqhL6/5XpPNp2DuRH6+9QLw/orhp72j87v8Qa1ScDkvrrBNpZcDejAirJmfXQ==",
			"dev": true
		},
		"slash": {
			"version": "3.0.0",
			"resolved": "https://registry.npmjs.org/slash/-/slash-3.0.0.tgz",
			"integrity": "sha512-g9Q1haeby36OSStwb4ntCGGGaKsaVSjQ68fBxoQcutl5fS1vuY18H3wSt3jFyFtrkx+Kz0V1G85A4MyAdDMi2Q==",
			"dev": true
		},
		"to-regex-range": {
			"version": "5.0.1",
			"resolved": "https://registry.npmjs.org/to-regex-range/-/to-regex-range-5.0.1.tgz",
			"integrity": "sha512-65P7iz6X5yEr1cwcgvQxbbIw7Uk3gOy5dIdtZ4rDveLqhrdJP+Li/Hx6tyK0NEb+2GCyneCMJiGqrADCSNk8sQ==",
			"dev": true,
			"requires": {
				"is-number": "^7.0.0"
			}
		},
		"tsutils": {
			"version": "3.17.1",
			"resolved": "https://registry.npmjs.org/tsutils/-/tsutils-3.17.1.tgz",
			"integrity": "sha512-kzeQ5B8H3w60nFY2g8cJIuH7JDpsALXySGtwGJ0p2LSjLgay3NdIpqq5SoOBe46bKDW2iq25irHCr8wjomUS2g==",
			"dev": true,
			"requires": {
				"tslib": "^1.8.1"
			},
			"dependencies": {
				"tslib": {
					"version": "1.14.1",
					"resolved": "https://registry.npmjs.org/tslib/-/tslib-1.14.1.tgz",
					"integrity": "sha512-Xni35NKzjgMrwevysHTCArtLDpPvye8zV/0E4EyYn43P7/7qvQwPh9BGkHewbMulVntbigmcT7rdX3BNo9wRJg==",
					"dev": true
				}
			}
		},
		"typedoc": {
			"version": "0.19.2",
			"resolved": "https://registry.npmjs.org/typedoc/-/typedoc-0.19.2.tgz",
			"integrity": "sha512-oDEg1BLEzi1qvgdQXc658EYgJ5qJLVSeZ0hQ57Eq4JXy6Vj2VX4RVo18qYxRWz75ifAaYuYNBUCnbhjd37TfOg==",
			"dev": true,
			"requires": {
				"fs-extra": "^9.0.1",
				"handlebars": "^4.7.6",
				"highlight.js": "^10.2.0",
				"lodash": "^4.17.20",
				"lunr": "^2.3.9",
				"marked": "^1.1.1",
				"minimatch": "^3.0.0",
				"progress": "^2.0.3",
				"semver": "^7.3.2",
				"shelljs": "^0.8.4",
				"typedoc-default-themes": "^0.11.4"
			},
			"dependencies": {
				"at-least-node": {
					"version": "1.0.0",
					"resolved": "https://registry.npmjs.org/at-least-node/-/at-least-node-1.0.0.tgz",
					"integrity": "sha512-+q/t7Ekv1EDY2l6Gda6LLiX14rU9TV20Wa3ofeQmwPFZbOMo9DXrLbOjFaaclkXKWidIaopwAObQDqwWtGUjqg==",
					"dev": true
				},
				"balanced-match": {
					"version": "1.0.0",
					"resolved": "https://registry.npmjs.org/balanced-match/-/balanced-match-1.0.0.tgz",
					"integrity": "sha1-ibTRmasr7kneFk6gK4nORi1xt2c=",
					"dev": true
				},
				"brace-expansion": {
					"version": "1.1.11",
					"resolved": "https://registry.npmjs.org/brace-expansion/-/brace-expansion-1.1.11.tgz",
					"integrity": "sha512-iCuPHDFgrHX7H2vEI/5xpz07zSHB00TpugqhmYtVmMO6518mCuRMoOYFldEBl0g187ufozdaHgWKcYFb61qGiA==",
					"dev": true,
					"requires": {
						"balanced-match": "^1.0.0",
						"concat-map": "0.0.1"
					}
				},
				"concat-map": {
					"version": "0.0.1",
					"resolved": "https://registry.npmjs.org/concat-map/-/concat-map-0.0.1.tgz",
					"integrity": "sha1-2Klr13/Wjfd5OnMDajug1UBdR3s=",
					"dev": true
				},
				"fs-extra": {
					"version": "9.0.1",
					"resolved": "https://registry.npmjs.org/fs-extra/-/fs-extra-9.0.1.tgz",
					"integrity": "sha512-h2iAoN838FqAFJY2/qVpzFXy+EBxfVE220PalAqQLDVsFOHLJrZvut5puAbCdNv6WJk+B8ihI+k0c7JK5erwqQ==",
					"dev": true,
					"requires": {
						"at-least-node": "^1.0.0",
						"graceful-fs": "^4.2.0",
						"jsonfile": "^6.0.1",
						"universalify": "^1.0.0"
					}
				},
				"fs.realpath": {
					"version": "1.0.0",
					"resolved": "https://registry.npmjs.org/fs.realpath/-/fs.realpath-1.0.0.tgz",
					"integrity": "sha1-FQStJSMVjKpA20onh8sBQRmU6k8=",
					"dev": true
				},
				"function-bind": {
					"version": "1.1.1",
					"resolved": "https://registry.npmjs.org/function-bind/-/function-bind-1.1.1.tgz",
					"integrity": "sha512-yIovAzMX49sF8Yl58fSCWJ5svSLuaibPxXQJFLmBObTuCr0Mf1KiPopGM9NiFjiYBCbfaa2Fh6breQ6ANVTI0A==",
					"dev": true
				},
				"glob": {
					"version": "7.1.6",
					"resolved": "https://registry.npmjs.org/glob/-/glob-7.1.6.tgz",
					"integrity": "sha512-LwaxwyZ72Lk7vZINtNNrywX0ZuLyStrdDtabefZKAY5ZGJhVtgdznluResxNmPitE0SAO+O26sWTHeKSI2wMBA==",
					"dev": true,
					"requires": {
						"fs.realpath": "^1.0.0",
						"inflight": "^1.0.4",
						"inherits": "2",
						"minimatch": "^3.0.4",
						"once": "^1.3.0",
						"path-is-absolute": "^1.0.0"
					}
				},
				"graceful-fs": {
					"version": "4.2.4",
					"resolved": "https://registry.npmjs.org/graceful-fs/-/graceful-fs-4.2.4.tgz",
					"integrity": "sha512-WjKPNJF79dtJAVniUlGGWHYGz2jWxT6VhN/4m1NdkbZ2nOsEF+cI1Edgql5zCRhs/VsQYRvrXctxktVXZUkixw==",
					"dev": true
				},
				"handlebars": {
					"version": "4.7.6",
					"resolved": "https://registry.npmjs.org/handlebars/-/handlebars-4.7.6.tgz",
					"integrity": "sha512-1f2BACcBfiwAfStCKZNrUCgqNZkGsAT7UM3kkYtXuLo0KnaVfjKOyf7PRzB6++aK9STyT1Pd2ZCPe3EGOXleXA==",
					"dev": true,
					"requires": {
						"minimist": "^1.2.5",
						"neo-async": "^2.6.0",
						"source-map": "^0.6.1",
						"uglify-js": "^3.1.4",
						"wordwrap": "^1.0.0"
					}
				},
				"has": {
					"version": "1.0.3",
					"resolved": "https://registry.npmjs.org/has/-/has-1.0.3.tgz",
					"integrity": "sha512-f2dvO0VU6Oej7RkWJGrehjbzMAjFp5/VKPp5tTpWIV4JHHZK1/BxbFRtf/siA2SWTe09caDmVtYYzWEIbBS4zw==",
					"dev": true,
					"requires": {
						"function-bind": "^1.1.1"
					}
				},
				"highlight.js": {
					"version": "10.5.0",
					"resolved": "https://registry.npmjs.org/highlight.js/-/highlight.js-10.5.0.tgz",
					"integrity": "sha512-xTmvd9HiIHR6L53TMC7TKolEj65zG1XU+Onr8oi86mYa+nLcIbxTTWkpW7CsEwv/vK7u1zb8alZIMLDqqN6KTw==",
					"dev": true
				},
				"inflight": {
					"version": "1.0.6",
					"resolved": "https://registry.npmjs.org/inflight/-/inflight-1.0.6.tgz",
					"integrity": "sha1-Sb1jMdfQLQwJvJEKEHW6gWW1bfk=",
					"dev": true,
					"requires": {
						"once": "^1.3.0",
						"wrappy": "1"
					}
				},
				"inherits": {
					"version": "2.0.4",
					"resolved": "https://registry.npmjs.org/inherits/-/inherits-2.0.4.tgz",
					"integrity": "sha512-k/vGaX4/Yla3WzyMCvTQOXYeIHvqOKtnqBduzTHpzpQZzAskKMhZ2K+EnBiSM9zGSoIFeMpXKxa4dYeZIQqewQ==",
					"dev": true
				},
				"interpret": {
					"version": "1.4.0",
					"resolved": "https://registry.npmjs.org/interpret/-/interpret-1.4.0.tgz",
					"integrity": "sha512-agE4QfB2Lkp9uICn7BAqoscw4SZP9kTE2hxiFI3jBPmXJfdqiahTbUuKGsMoN2GtqL9AxhYioAcVvgsb1HvRbA==",
					"dev": true
				},
				"is-core-module": {
					"version": "2.2.0",
					"resolved": "https://registry.npmjs.org/is-core-module/-/is-core-module-2.2.0.tgz",
					"integrity": "sha512-XRAfAdyyY5F5cOXn7hYQDqh2Xmii+DEfIcQGxK/uNwMHhIkPWO0g8msXcbzLe+MpGoR951MlqM/2iIlU4vKDdQ==",
					"dev": true,
					"requires": {
						"has": "^1.0.3"
					}
				},
				"jsonfile": {
					"version": "6.1.0",
					"resolved": "https://registry.npmjs.org/jsonfile/-/jsonfile-6.1.0.tgz",
					"integrity": "sha512-5dgndWOriYSm5cnYaJNhalLNDKOqFwyDB/rr1E9ZsGciGvKPs8R2xYGCacuf3z6K1YKDz182fd+fY3cn3pMqXQ==",
					"dev": true,
					"requires": {
						"graceful-fs": "^4.1.6",
						"universalify": "^2.0.0"
					},
					"dependencies": {
						"universalify": {
							"version": "2.0.0",
							"resolved": "https://registry.npmjs.org/universalify/-/universalify-2.0.0.tgz",
							"integrity": "sha512-hAZsKq7Yy11Zu1DE0OzWjw7nnLZmJZYTDZZyEFHZdUhV8FkH5MCfoU1XMaxXovpyW5nq5scPqq0ZDP9Zyl04oQ==",
							"dev": true
						}
					}
				},
				"lunr": {
					"version": "2.3.9",
					"resolved": "https://registry.npmjs.org/lunr/-/lunr-2.3.9.tgz",
					"integrity": "sha512-zTU3DaZaF3Rt9rhN3uBMGQD3dD2/vFQqnvZCDv4dl5iOzq2IZQqTxu90r4E5J+nP70J3ilqVCrbho2eWaeW8Ow==",
					"dev": true
				},
				"marked": {
					"version": "1.2.7",
					"resolved": "https://registry.npmjs.org/marked/-/marked-1.2.7.tgz",
					"integrity": "sha512-No11hFYcXr/zkBvL6qFmAp1z6BKY3zqLMHny/JN/ey+al7qwCM2+CMBL9BOgqMxZU36fz4cCWfn2poWIf7QRXA==",
					"dev": true
				},
				"minimatch": {
					"version": "3.0.4",
					"resolved": "https://registry.npmjs.org/minimatch/-/minimatch-3.0.4.tgz",
					"integrity": "sha512-yJHVQEhyqPLUTgt9B83PXu6W3rx4MvvHvSUvToogpwoGDOUQ+yDrR0HRot+yOCdCO7u4hX3pWft6kWBBcqh0UA==",
					"dev": true,
					"requires": {
						"brace-expansion": "^1.1.7"
					}
				},
				"minimist": {
					"version": "1.2.5",
					"resolved": "https://registry.npmjs.org/minimist/-/minimist-1.2.5.tgz",
					"integrity": "sha512-FM9nNUYrRBAELZQT3xeZQ7fmMOBg6nWNmJKTcgsJeaLstP/UODVpGsr5OhXhhXg6f+qtJ8uiZ+PUxkDWcgIXLw==",
					"dev": true
				},
				"neo-async": {
					"version": "2.6.2",
					"resolved": "https://registry.npmjs.org/neo-async/-/neo-async-2.6.2.tgz",
					"integrity": "sha512-Yd3UES5mWCSqR+qNT93S3UoYUkqAZ9lLg8a7g9rimsWmYGK8cVToA4/sF3RrshdyV3sAGMXVUmpMYOw+dLpOuw==",
					"dev": true
				},
				"once": {
					"version": "1.4.0",
					"resolved": "https://registry.npmjs.org/once/-/once-1.4.0.tgz",
					"integrity": "sha1-WDsap3WWHUsROsF9nFC6753Xa9E=",
					"dev": true,
					"requires": {
						"wrappy": "1"
					}
				},
				"path-is-absolute": {
					"version": "1.0.1",
					"resolved": "https://registry.npmjs.org/path-is-absolute/-/path-is-absolute-1.0.1.tgz",
					"integrity": "sha1-F0uSaHNVNP+8es5r9TpanhtcX18=",
					"dev": true
				},
				"path-parse": {
					"version": "1.0.6",
					"resolved": "https://registry.npmjs.org/path-parse/-/path-parse-1.0.6.tgz",
					"integrity": "sha512-GSmOT2EbHrINBf9SR7CDELwlJ8AENk3Qn7OikK4nFYAu3Ote2+JYNVvkpAEQm3/TLNEJFD/xZJjzyxg3KBWOzw==",
					"dev": true
				},
				"progress": {
					"version": "2.0.3",
					"resolved": "https://registry.npmjs.org/progress/-/progress-2.0.3.tgz",
					"integrity": "sha512-7PiHtLll5LdnKIMw100I+8xJXR5gW2QwWYkT6iJva0bXitZKa/XMrSbdmg3r2Xnaidz9Qumd0VPaMrZlF9V9sA==",
					"dev": true
				},
				"rechoir": {
					"version": "0.6.2",
					"resolved": "https://registry.npmjs.org/rechoir/-/rechoir-0.6.2.tgz",
					"integrity": "sha1-hSBLVNuoLVdC4oyWdW70OvUOM4Q=",
					"dev": true,
					"requires": {
						"resolve": "^1.1.6"
					}
				},
				"resolve": {
					"version": "1.19.0",
					"resolved": "https://registry.npmjs.org/resolve/-/resolve-1.19.0.tgz",
					"integrity": "sha512-rArEXAgsBG4UgRGcynxWIWKFvh/XZCcS8UJdHhwy91zwAvCZIbcs+vAbflgBnNjYMs/i/i+/Ux6IZhML1yPvxg==",
					"dev": true,
					"requires": {
						"is-core-module": "^2.1.0",
						"path-parse": "^1.0.6"
					}
				},
				"shelljs": {
					"version": "0.8.4",
					"resolved": "https://registry.npmjs.org/shelljs/-/shelljs-0.8.4.tgz",
					"integrity": "sha512-7gk3UZ9kOfPLIAbslLzyWeGiEqx9e3rxwZM0KE6EL8GlGwjym9Mrlx5/p33bWTu9YG6vcS4MBxYZDHYr5lr8BQ==",
					"dev": true,
					"requires": {
						"glob": "^7.0.0",
						"interpret": "^1.0.0",
						"rechoir": "^0.6.2"
					}
				},
				"source-map": {
					"version": "0.6.1",
					"resolved": "https://registry.npmjs.org/source-map/-/source-map-0.6.1.tgz",
					"integrity": "sha512-UjgapumWlbMhkBgzT7Ykc5YXUT46F0iKu8SGXq0bcwP5dz/h0Plj6enJqjz1Zbq2l5WaqYnrVbwWOWMyF3F47g==",
					"dev": true
				},
				"typedoc-default-themes": {
					"version": "0.11.4",
					"resolved": "https://registry.npmjs.org/typedoc-default-themes/-/typedoc-default-themes-0.11.4.tgz",
					"integrity": "sha512-Y4Lf+qIb9NTydrexlazAM46SSLrmrQRqWiD52593g53SsmUFioAsMWt8m834J6qsp+7wHRjxCXSZeiiW5cMUdw==",
					"dev": true
				},
				"uglify-js": {
					"version": "3.12.4",
					"resolved": "https://registry.npmjs.org/uglify-js/-/uglify-js-3.12.4.tgz",
					"integrity": "sha512-L5i5jg/SHkEqzN18gQMTWsZk3KelRsfD1wUVNqtq0kzqWQqcJjyL8yc1o8hJgRrWqrAl2mUFbhfznEIoi7zi2A==",
					"dev": true,
					"optional": true
				},
				"universalify": {
					"version": "1.0.0",
					"resolved": "https://registry.npmjs.org/universalify/-/universalify-1.0.0.tgz",
					"integrity": "sha512-rb6X1W158d7pRQBg5gkR8uPaSfiids68LTJQYOtEUhoJUWBdaQHsuT/EUduxXYxcrt4r5PJ4fuHW1MHT6p0qug==",
					"dev": true
				},
				"wordwrap": {
					"version": "1.0.0",
					"resolved": "https://registry.npmjs.org/wordwrap/-/wordwrap-1.0.0.tgz",
					"integrity": "sha1-J1hIEIkUVqQXHI0CJkQa3pDLyus=",
					"dev": true
				},
				"wrappy": {
					"version": "1.0.2",
					"resolved": "https://registry.npmjs.org/wrappy/-/wrappy-1.0.2.tgz",
					"integrity": "sha1-tSQ9jz7BqjXxNkYFvA0QNuMKtp8=",
					"dev": true
				}
			}
		}
	}
}
